
Microsoft Visual Studio Solution File, Format Version 12.00
# Visual Studio 15
VisualStudioVersion = 15.0.27428.2005
MinimumVisualStudioVersion = 10.0.40219.1
Project("{9A19103F-16F7-4668-BE54-9A1E7A4F7556}") = "src-directory-test", "src\common\src\src-directory-test.csproj", "{BD02A81C-51FA-4DA0-876D-F48984520970}"
EndProject
Global
	GlobalSection(SolutionConfigurationPlatforms) = preSolution
		Debug|Any CPU = Debug|Any CPU
		Release|Any CPU = Release|Any CPU
	EndGlobalSection
	GlobalSection(ProjectConfigurationPlatforms) = postSolution
		{BD02A81C-51FA-4DA0-876D-F48984520970}.Debug|Any CPU.ActiveCfg = Debug|Any CPU
		{BD02A81C-51FA-4DA0-876D-F48984520970}.Debug|Any CPU.Build.0 = Debug|Any CPU
		{BD02A81C-51FA-4DA0-876D-F48984520970}.Release|Any CPU.ActiveCfg = Release|Any CPU
		{BD02A81C-51FA-4DA0-876D-F48984520970}.Release|Any CPU.Build.0 = Release|Any CPU
	EndGlobalSection
	GlobalSection(SolutionProperties) = preSolution
		HideSolutionNode = FALSE
	EndGlobalSection
	GlobalSection(ExtensibilityGlobals) = postSolution
		SolutionGuid = {796C30B7-55CE-4C37-BC05-0AC28ABF95AE}
	EndGlobalSection
EndGlobal
